
Microsoft Visual Studio Solution File, Format Version 12.00
# Visual Studio Version 17
VisualStudioVersion = 17.3.32825.248
MinimumVisualStudioVersion = 10.0.40219.1
Project("{8BC9CEB8-8B4A-11D0-8D11-00A0C91BC942}") = "20205132김하영_project4", "20205132김하영_project4\20205132김하영_project4.vcxproj", "{EFADC643-A06D-4E3E-8021-230432B4BDD3}"
EndProject
Global
	GlobalSection(SolutionConfigurationPlatforms) = preSolution
		Debug|x64 = Debug|x64
		Debug|x86 = Debug|x86
		Release|x64 = Release|x64
		Release|x86 = Release|x86
	EndGlobalSection
	GlobalSection(ProjectConfigurationPlatforms) = postSolution
		{EFADC643-A06D-4E3E-8021-230432B4BDD3}.Debug|x64.ActiveCfg = Debug|x64
		{EFADC643-A06D-4E3E-8021-230432B4BDD3}.Debug|x64.Build.0 = Debug|x64
		{EFADC643-A06D-4E3E-8021-230432B4BDD3}.Debug|x86.ActiveCfg = Debug|Win32
		{EFADC643-A06D-4E3E-8021-230432B4BDD3}.Debug|x86.Build.0 = Debug|Win32
		{EFADC643-A06D-4E3E-8021-230432B4BDD3}.Release|x64.ActiveCfg = Release|x64
		{EFADC643-A06D-4E3E-8021-230432B4BDD3}.Release|x64.Build.0 = Release|x64
		{EFADC643-A06D-4E3E-8021-230432B4BDD3}.Release|x86.ActiveCfg = Release|Win32
		{EFADC643-A06D-4E3E-8021-230432B4BDD3}.Release|x86.Build.0 = Release|Win32
	EndGlobalSection
	GlobalSection(SolutionProperties) = preSolution
		HideSolutionNode = FALSE
	EndGlobalSection
	GlobalSection(ExtensibilityGlobals) = postSolution
		SolutionGuid = {DCAB2BCC-2B8B-4EF4-BA0D-27D7A99B3A4F}
	EndGlobalSection
EndGlobal
